// !$*UTF8*$!
{
	archiveVersion = 1;
	classes = {
	};
	objectVersion = 46;
	objects = {

/* Begin PBXBuildFile section */
		9735C02D1CC7832A000B0727 /* main.m in Sources */ = {isa = PBXBuildFile; fileRef = 9735C02C1CC7832A000B0727 /* main.m */; };
		9735C0301CC7832A000B0727 /* AppDelegate.m in Sources */ = {isa = PBXBuildFile; fileRef = 9735C02F1CC7832A000B0727 /* AppDelegate.m */; };
		9735C0331CC7832A000B0727 /* ViewController.m in Sources */ = {isa = PBXBuildFile; fileRef = 9735C0321CC7832A000B0727 /* ViewController.m */; };
		9735C0361CC7832A000B0727 /* Main.storyboard in Resources */ = {isa = PBXBuildFile; fileRef = 9735C0341CC7832A000B0727 /* Main.storyboard */; };
		9735C0391CC7832A000B0727 /* AwiseController.xcdatamodeld in Sources */ = {isa = PBXBuildFile; fileRef = 9735C0371CC7832A000B0727 /* AwiseController.xcdatamodeld */; };
		9735C03B1CC7832A000B0727 /* Assets.xcassets in Resources */ = {isa = PBXBuildFile; fileRef = 9735C03A1CC7832A000B0727 /* Assets.xcassets */; };
		9735C03E1CC7832A000B0727 /* LaunchScreen.storyboard in Resources */ = {isa = PBXBuildFile; fileRef = 9735C03C1CC7832A000B0727 /* LaunchScreen.storyboard */; };
/* End PBXBuildFile section */

/* Begin PBXFileReference section */
		9735C0281CC7832A000B0727 /* AwiseController.app */ = {isa = PBXFileReference; explicitFileType = wrapper.application; includeInIndex = 0; path = AwiseController.app; sourceTree = BUILT_PRODUCTS_DIR; };
		9735C02C1CC7832A000B0727 /* main.m */ = {isa = PBXFileReference; lastKnownFileType = sourcecode.c.objc; path = main.m; sourceTree = "<group>"; };
		9735C02E1CC7832A000B0727 /* AppDelegate.h */ = {isa = PBXFileReference; lastKnownFileType = sourcecode.c.h; path = AppDelegate.h; sourceTree = "<group>"; };
		9735C02F1CC7832A000B0727 /* AppDelegate.m */ = {isa = PBXFileReference; lastKnownFileType = sourcecode.c.objc; path = AppDelegate.m; sourceTree = "<group>"; };
		9735C0311CC7832A000B0727 /* ViewController.h */ = {isa = PBXFileReference; lastKnownFileType = sourcecode.c.h; path = ViewController.h; sourceTree = "<group>"; };
		9735C0321CC7832A000B0727 /* ViewController.m */ = {isa = PBXFileReference; lastKnownFileType = sourcecode.c.objc; path = ViewController.m; sourceTree = "<group>"; };
		9735C0351CC7832A000B0727 /* Base */ = {isa = PBXFileReference; lastKnownFileType = file.storyboard; name = Base; path = Base.lproj/Main.storyboard; sourceTree = "<group>"; };
		9735C0381CC7832A000B0727 /* AwiseController.xcdatamodel */ = {isa = PBXFileReference; lastKnownFileType = wrapper.xcdatamodel; path = AwiseController.xcdatamodel; sourceTree = "<group>"; };
		9735C03A1CC7832A000B0727 /* Assets.xcassets */ = {isa = PBXFileReference; lastKnownFileType = folder.assetcatalog; path = Assets.xcassets; sourceTree = "<group>"; };
		9735C03D1CC7832A000B0727 /* Base */ = {isa = PBXFileReference; lastKnownFileType = file.storyboard; name = Base; path = Base.lproj/LaunchScreen.storyboard; sourceTree = "<group>"; };
		9735C03F1CC7832A000B0727 /* Info.plist */ = {isa = PBXFileReference; lastKnownFileType = text.plist.xml; path = Info.plist; sourceTree = "<group>"; };
/* End PBXFileReference section */

/* Begin PBXFrameworksBuildPhase section */
		9735C0251CC7832A000B0727 /* Frameworks */ = {
			isa = PBXFrameworksBuildPhase;
			buildActionMask = 2147483647;
			files = (
			);
			runOnlyForDeploymentPostprocessing = 0;
		};
/* End PBXFrameworksBuildPhase section */

/* Begin PBXGroup section */
		9735C01F1CC7832A000B0727 = {
			isa = PBXGroup;
			children = (
				9735C02A1CC7832A000B0727 /* AwiseController */,
				9735C0291CC7832A000B0727 /* Products */,
			);
			sourceTree = "<group>";
		};
		9735C0291CC7832A000B0727 /* Products */ = {
			isa = PBXGroup;
			children = (
				9735C0281CC7832A000B0727 /* AwiseController.app */,
			);
			name = Products;
			sourceTree = "<group>";
		};
		9735C02A1CC7832A000B0727 /* AwiseController */ = {
			isa = PBXGroup;
			children = (
				9735C02E1CC7832A000B0727 /* AppDelegate.h */,
				9735C02F1CC7832A000B0727 /* AppDelegate.m */,
				9735C0311CC7832A000B0727 /* ViewController.h */,
				9735C0321CC7832A000B0727 /* ViewController.m */,
				9735C0341CC7832A000B0727 /* Main.storyboard */,
				9735C03A1CC7832A000B0727 /* Assets.xcassets */,
				9735C03C1CC7832A000B0727 /* LaunchScreen.storyboard */,
				9735C03F1CC7832A000B0727 /* Info.plist */,
				9735C0371CC7832A000B0727 /* AwiseController.xcdatamodeld */,
				9735C02B1CC7832A000B0727 /* Supporting Files */,
			);
			path = AwiseController;
			sourceTree = "<group>";
		};
		9735C02B1CC7832A000B0727 /* Supporting Files */ = {
			isa = PBXGroup;
			children = (
				9735C02C1CC7832A000B0727 /* main.m */,
			);
			name = "Supporting Files";
			sourceTree = "<group>";
		};
/* End PBXGroup section */

/* Begin PBXNativeTarget section */
		9735C0271CC7832A000B0727 /* AwiseController */ = {
			isa = PBXNativeTarget;
			buildConfigurationList = 9735C0421CC7832A000B0727 /* Build configuration list for PBXNativeTarget "AwiseController" */;
			buildPhases = (
				9735C0241CC7832A000B0727 /* Sources */,
				9735C0251CC7832A000B0727 /* Frameworks */,
				9735C0261CC7832A000B0727 /* Resources */,
			);
			buildRules = (
			);
			dependencies = (
			);
			name = AwiseController;
			productName = AwiseController;
			productReference = 9735C0281CC7832A000B0727 /* AwiseController.app */;
			productType = "com.apple.product-type.application";
		};
/* End PBXNativeTarget section */

/* Begin PBXProject section */
		9735C0201CC7832A000B0727 /* Project object */ = {
			isa = PBXProject;
			attributes = {
				LastUpgradeCheck = 0720;
				ORGANIZATIONNAME = rover;
				TargetAttributes = {
					9735C0271CC7832A000B0727 = {
						CreatedOnToolsVersion = 7.2.1;
					};
				};
			};
			buildConfigurationList = 9735C0231CC7832A000B0727 /* Build configuration list for PBXProject "AwiseController" */;
			compatibilityVersion = "Xcode 3.2";
			developmentRegion = English;
			hasScannedForEncodings = 0;
			knownRegions = (
				en,
				Base,
			);
			mainGroup = 9735C01F1CC7832A000B0727;
			productRefGroup = 9735C0291CC7832A000B0727 /* Products */;
			projectDirPath = "";
			projectRoot = "";
			targets = (
				9735C0271CC7832A000B0727 /* AwiseController */,
			);
		};
/* End PBXProject section */

/* Begin PBXResourcesBuildPhase section */
		9735C0261CC7832A000B0727 /* Resources */ = {
			isa = PBXResourcesBuildPhase;
			buildActionMask = 2147483647;
			files = (
				9735C03E1CC7832A000B0727 /* LaunchScreen.storyboard in Resources */,
				9735C03B1CC7832A000B0727 /* Assets.xcassets in Resources */,
				9735C0361CC7832A000B0727 /* Main.storyboard in Resources */,
			);
			runOnlyForDeploymentPostprocessing = 0;
		};
/* End PBXResourcesBuildPhase section */

/* Begin PBXSourcesBuildPhase section */
		9735C0241CC7832A000B0727 /* Sources */ = {
			isa = PBXSourcesBuildPhase;
			buildActionMask = 2147483647;
			files = (
				9735C0331CC7832A000B0727 /* ViewController.m in Sources */,
				9735C0391CC7832A000B0727 /* AwiseController.xcdatamodeld in Sources */,
				9735C0301CC7832A000B0727 /* AppDelegate.m in Sources */,
				9735C02D1CC7832A000B0727 /* main.m in Sources */,
			);
			runOnlyForDeploymentPostprocessing = 0;
		};
/* End PBXSourcesBuildPhase section */

/* Begin PBXVariantGroup section */
		9735C0341CC7832A000B0727 /* Main.storyboard */ = {
			isa = PBXVariantGroup;
			children = (
				9735C0351CC7832A000B0727 /* Base */,
			);
			name = Main.storyboard;
			sourceTree = "<group>";
		};
		9735C03C1CC7832A000B0727 /* LaunchScreen.storyboard */ = {
			isa = PBXVariantGroup;
			children = (
				9735C03D1CC7832A000B0727 /* Base */,
			);
			name = LaunchScreen.storyboard;
			sourceTree = "<group>";
		};
/* End PBXVariantGroup section */

/* Begin XCBuildConfiguration section */
		9735C0401CC7832A000B0727 /* Debug */ = {
			isa = XCBuildConfiguration;
			buildSettings = {
				ALWAYS_SEARCH_USER_PATHS = NO;
				CLANG_CXX_LANGUAGE_STANDARD = "gnu++0x";
				CLANG_CXX_LIBRARY = "libc++";
				CLANG_ENABLE_MODULES = YES;
				CLANG_ENABLE_OBJC_ARC = YES;
				CLANG_WARN_BOOL_CONVERSION = YES;
				CLANG_WARN_CONSTANT_CONVERSION = YES;
				CLANG_WARN_DIRECT_OBJC_ISA_USAGE = YES_ERROR;
				CLANG_WARN_EMPTY_BODY = YES;
				CLANG_WARN_ENUM_CONVERSION = YES;
				CLANG_WARN_INT_CONVERSION = YES;
				CLANG_WARN_OBJC_ROOT_CLASS = YES_ERROR;
				CLANG_WARN_UNREACHABLE_CODE = YES;
				CLANG_WARN__DUPLICATE_METHOD_MATCH = YES;
				"CODE_SIGN_IDENTITY[sdk=iphoneos*]" = "iPhone Developer";
				COPY_PHASE_STRIP = NO;
				DEBUG_INFORMATION_FORMAT = dwarf;
				ENABLE_STRICT_OBJC_MSGSEND = YES;
				ENABLE_TESTABILITY = YES;
				GCC_C_LANGUAGE_STANDARD = gnu99;
				GCC_DYNAMIC_NO_PIC = NO;
				GCC_NO_COMMON_BLOCKS = YES;
				GCC_OPTIMIZATION_LEVEL = 0;
				GCC_PREPROCESSOR_DEFINITIONS = (
					"DEBUG=1",
					"$(inherited)",
				);
				GCC_WARN_64_TO_32_BIT_CONVERSION = YES;
				GCC_WARN_ABOUT_RETURN_TYPE = YES_ERROR;
				GCC_WARN_UNDECLARED_SELECTOR = YES;
				GCC_WARN_UNINITIALIZED_AUTOS = YES_AGGRESSIVE;
				GCC_WARN_UNUSED_FUNCTION = YES;
				GCC_WARN_UNUSED_VARIABLE = YES;
				IPHONEOS_DEPLOYMENT_TARGET = 9.2;
				MTL_ENABLE_DEBUG_INFO = YES;
				ONLY_ACTIVE_ARCH = YES;
				SDKROOT = iphoneos;
			};
			name = Debug;
		};
		9735C0411CC7832A000B0727 /* Release */ = {
			isa = XCBuildConfiguration;
			buildSettings = {
				ALWAYS_SEARCH_USER_PATHS = NO;
				CLANG_CXX_LANGUAGE_STANDARD = "gnu++0x";
				CLANG_CXX_LIBRARY = "libc++";
				CLANG_ENABLE_MODULES = YES;
				CLANG_ENABLE_OBJC_ARC = YES;
				CLANG_WARN_BOOL_CONVERSION = YES;
				CLANG_WARN_CONSTANT_CONVERSION = YES;
				CLANG_WARN_DIRECT_OBJC_ISA_USAGE = YES_ERROR;
				CLANG_WARN_EMPTY_BODY = YES;
				CLANG_WARN_ENUM_CONVERSION = YES;
				CLANG_WARN_INT_CONVERSION = YES;
				CLANG_WARN_OBJC_ROOT_CLASS = YES_ERROR;
				CLANG_WARN_UNREACHABLE_CODE = YES;
				CLANG_WARN__DUPLICATE_METHOD_MATCH = YES;
				"CODE_SIGN_IDENTITY[sdk=iphoneos*]" = "iPhone Developer";
				COPY_PHASE_STRIP = NO;
				DEBUG_INFORMATION_FORMAT = "dwarf-with-dsym";
				ENABLE_NS_ASSERTIONS = NO;
				ENABLE_STRICT_OBJC_MSGSEND = YES;
				GCC_C_LANGUAGE_STANDARD = gnu99;
				GCC_NO_COMMON_BLOCKS = YES;
				GCC_WARN_64_TO_32_BIT_CONVERSION = YES;
				GCC_WARN_ABOUT_RETURN_TYPE = YES_ERROR;
				GCC_WARN_UNDECLARED_SELECTOR = YES;
				GCC_WARN_UNINITIALIZED_AUTOS = YES_AGGRESSIVE;
				GCC_WARN_UNUSED_FUNCTION = YES;
				GCC_WARN_UNUSED_VARIABLE = YES;
				IPHONEOS_DEPLOYMENT_TARGET = 9.2;
				MTL_ENABLE_DEBUG_INFO = NO;
				SDKROOT = iphoneos;
				VALIDATE_PRODUCT = YES;
			};
			name = Release;
		};
		9735C0431CC7832A000B0727 /* Debug */ = {
			isa = XCBuildConfiguration;
			buildSettings = {
				ASSETCATALOG_COMPILER_APPICON_NAME = AppIcon;
				INFOPLIST_FILE = AwiseController/Info.plist;
				LD_RUNPATH_SEARCH_PATHS = "$(inherited) @executable_path/Frameworks";
				PRODUCT_BUNDLE_IDENTIFIER = com.tlblios.AwiseController;
				PRODUCT_NAME = "$(TARGET_NAME)";
			};
			name = Debug;
		};
		9735C0441CC7832A000B0727 /* Release */ = {
			isa = XCBuildConfiguration;
			buildSettings = {
				ASSETCATALOG_COMPILER_APPICON_NAME = AppIcon;
				INFOPLIST_FILE = AwiseController/Info.plist;
				LD_RUNPATH_SEARCH_PATHS = "$(inherited) @executable_path/Frameworks";
				PRODUCT_BUNDLE_IDENTIFIER = com.tlblios.AwiseController;
				PRODUCT_NAME = "$(TARGET_NAME)";
			};
			name = Release;
		};
/* End XCBuildConfiguration section */

/* Begin XCConfigurationList section */
		9735C0231CC7832A000B0727 /* Build configuration list for PBXProject "AwiseController" */ = {
			isa = XCConfigurationList;
			buildConfigurations = (
				9735C0401CC7832A000B0727 /* Debug */,
				9735C0411CC7832A000B0727 /* Release */,
			);
			defaultConfigurationIsVisible = 0;
			defaultConfigurationName = Release;
		};
		9735C0421CC7832A000B0727 /* Build configuration list for PBXNativeTarget "AwiseController" */ = {
			isa = XCConfigurationList;
			buildConfigurations = (
				9735C0431CC7832A000B0727 /* Debug */,
				9735C0441CC7832A000B0727 /* Release */,
			);
			defaultConfigurationIsVisible = 0;
		};
/* End XCConfigurationList section */

/* Begin XCVersionGroup section */
		9735C0371CC7832A000B0727 /* AwiseController.xcdatamodeld */ = {
			isa = XCVersionGroup;
			children = (
				9735C0381CC7832A000B0727 /* AwiseController.xcdatamodel */,
			);
			currentVersion = 9735C0381CC7832A000B0727 /* AwiseController.xcdatamodel */;
			path = AwiseController.xcdatamodeld;
			sourceTree = "<group>";
			versionGroupType = wrapper.xcdatamodel;
		};
/* End XCVersionGroup section */
	};
	rootObject = 9735C0201CC7832A000B0727 /* Project object */;
}
